{
  "name": "yellowpages-cli",
  "version": "0.1.0",
  "lockfileVersion": 3,
  "requires": true,
  "packages": {
    "": {
      "name": "yellowpages-cli",
      "version": "0.1.0",
      "license": "MIT",
      "dependencies": {
        "chalk": "^5.6.2",
        "commander": "^14.0.3",
        "js-yaml": "^4.1.0",
        "minisearch": "^7.1.2",
        "nanoid": "^5.1.6"
      },
      "bin": {
        "yp": "dist/main.js"
      },
      "devDependencies": {
        "@biomejs/biome": "^2.3.14",
        "@types/js-yaml": "^4.0.9",
        "typescript": "^5.8.0"
      }
    },
    "node_modules/@biomejs/biome": {
      "version": "2.4.4",
      "resolved": "https://registry.npmjs.org/@biomejs/biome/-/biome-2.4.4.tgz",
      "integrity": "sha512-tigwWS5KfJf0cABVd52NVaXyAVv4qpUXOWJ1rxFL8xF1RVoeS2q/LK+FHgYoKMclJCuRoCWAPy1IXaN9/mS61Q==",
      "dev": true,
      "license": "MIT OR Apache-2.0",
      "bin": {
        "biome": "bin/biome"
      },
      "engines": {
        "node": ">=14.21.3"
      },
      "funding": {
        "type": "opencollective",
        "url": "https://opencollective.com/biome"
      },
      "optionalDependencies": {
        "@biomejs/cli-darwin-arm64": "2.4.4",
        "@biomejs/cli-darwin-x64": "2.4.4",
        "@biomejs/cli-linux-arm64": "2.4.4",
        "@biomejs/cli-linux-arm64-musl": "2.4.4",
        "@biomejs/cli-linux-x64": "2.4.4",
        "@biomejs/cli-linux-x64-musl": "2.4.4",
        "@biomejs/cli-win32-arm64": "2.4.4",
        "@biomejs/cli-win32-x64": "2.4.4"
      }
    },
    "node_modules/@biomejs/cli-darwin-arm64": {
      "version": "2.4.4",
      "resolved": "https://registry.npmjs.org/@biomejs/cli-darwin-arm64/-/cli-darwin-arm64-2.4.4.tgz",
      "integrity": "sha512-jZ+Xc6qvD6tTH5jM6eKX44dcbyNqJHssfl2nnwT6vma6B1sj7ZLTGIk6N5QwVBs5xGN52r3trk5fgd3sQ9We9A==",
      "cpu": [
        "arm64"
      ],
      "dev": true,
      "license": "MIT OR Apache-2.0",
      "optional": true,
      "os": [
        "darwin"
      ],
      "engines": {
        "node": ">=14.21.3"
      }
    },
    "node_modules/@biomejs/cli-darwin-x64": {
      "version": "2.4.4",
      "resolved": "https://registry.npmjs.org/@biomejs/cli-darwin-x64/-/cli-darwin-x64-2.4.4.tgz",
      "integrity": "sha512-Dh1a/+W+SUCXhEdL7TiX3ArPTFCQKJTI1mGncZNWfO+6suk+gYA4lNyJcBB+pwvF49uw0pEbUS49BgYOY4hzUg==",
      "cpu": [
        "x64"
      ],
      "dev": true,
      "license": "MIT OR Apache-2.0",
      "optional": true,
      "os": [
        "darwin"
      ],
      "engines": {
        "node": ">=14.21.3"
      }
    },
    "node_modules/@biomejs/cli-linux-arm64": {
      "version": "2.4.4",
      "resolved": "https://registry.npmjs.org/@biomejs/cli-linux-arm64/-/cli-linux-arm64-2.4.4.tgz",
      "integrity": "sha512-V/NFfbWhsUU6w+m5WYbBenlEAz8eYnSqRMDMAW3K+3v0tYVkNyZn8VU0XPxk/lOqNXLSCCrV7FmV/u3SjCBShg==",
      "cpu": [
        "arm64"
      ],
      "dev": true,
      "license": "MIT OR Apache-2.0",
      "optional": true,
      "os": [
        "linux"
      ],
      "engines": {
        "node": ">=14.21.3"
      }
    },
    "node_modules/@biomejs/cli-linux-arm64-musl": {
      "version": "2.4.4",
      "resolved": "https://registry.npmjs.org/@biomejs/cli-linux-arm64-musl/-/cli-linux-arm64-musl-2.4.4.tgz",
      "integrity": "sha512-+sPAXq3bxmFwhVFJnSwkSF5Rw2ZAJMH3MF6C9IveAEOdSpgajPhoQhbbAK12SehN9j2QrHpk4J/cHsa/HqWaYQ==",
      "cpu": [
        "arm64"
      ],
      "dev": true,
      "license": "MIT OR Apache-2.0",
      "optional": true,
      "os": [
        "linux"
      ],
      "engines": {
        "node": ">=14.21.3"
      }
    },
    "node_modules/@biomejs/cli-linux-x64": {
      "version": "2.4.4",
      "resolved": "https://registry.npmjs.org/@biomejs/cli-linux-x64/-/cli-linux-x64-2.4.4.tgz",
      "integrity": "sha512-R4+ZCDtG9kHArasyBO+UBD6jr/FcFCTH8QkNTOCu0pRJzCWyWC4EtZa2AmUZB5h3e0jD7bRV2KvrENcf8rndBg==",
      "cpu": [
        "x64"
      ],
      "dev": true,
      "license": "MIT OR Apache-2.0",
      "optional": true,
      "os": [
        "linux"
      ],
      "engines": {
        "node": ">=14.21.3"
      }
    },
    "node_modules/@biomejs/cli-linux-x64-musl": {
      "version": "2.4.4",
      "resolved": "https://registry.npmjs.org/@biomejs/cli-linux-x64-musl/-/cli-linux-x64-musl-2.4.4.tgz",
      "integrity": "sha512-gGvFTGpOIQDb5CQ2VC0n9Z2UEqlP46c4aNgHmAMytYieTGEcfqhfCFnhs6xjt0S3igE6q5GLuIXtdQt3Izok+g==",
      "cpu": [
        "x64"
      ],
      "dev": true,
      "license": "MIT OR Apache-2.0",
      "optional": true,
      "os": [
        "linux"
      ],
      "engines": {
        "node": ">=14.21.3"
      }
    },
    "node_modules/@biomejs/cli-win32-arm64": {
      "version": "2.4.4",
      "resolved": "https://registry.npmjs.org/@biomejs/cli-win32-arm64/-/cli-win32-arm64-2.4.4.tgz",
      "integrity": "sha512-trzCqM7x+Gn832zZHgr28JoYagQNX4CZkUZhMUac2YxvvyDRLJDrb5m9IA7CaZLlX6lTQmADVfLEKP1et1Ma4Q==",
      "cpu": [
        "arm64"
      ],
      "dev": true,
      "license": "MIT OR Apache-2.0",
      "optional": true,
      "os": [
        "win32"
      ],
      "engines": {
        "node": ">=14.21.3"
      }
    },
    "node_modules/@biomejs/cli-win32-x64": {
      "version": "2.4.4",
      "resolved": "https://registry.npmjs.org/@biomejs/cli-win32-x64/-/cli-win32-x64-2.4.4.tgz",
      "integrity": "sha512-gnOHKVPFAAPrpoPt2t+Q6FZ7RPry/FDV3GcpU53P3PtLNnQjBmKyN2Vh/JtqXet+H4pme8CC76rScwdjDcT1/A==",
      "cpu": [
        "x64"
      ],
      "dev": true,
      "license": "MIT OR Apache-2.0",
      "optional": true,
      "os": [
        "win32"
      ],
      "engines": {
        "node": ">=14.21.3"
      }
    },
    "node_modules/@types/js-yaml": {
      "version": "4.0.9",
      "resolved": "https://registry.npmjs.org/@types/js-yaml/-/js-yaml-4.0.9.tgz",
      "integrity": "sha512-k4MGaQl5TGo/iipqb2UDG2UwjXziSWkh0uysQelTlJpX1qGlpUZYm8PnO4DxG1qBomtJUdYJ6qR6xdIah10JLg==",
      "dev": true,
      "license": "MIT"
    },
    "node_modules/argparse": {
      "version": "2.0.1",
      "resolved": "https://registry.npmjs.org/argparse/-/argparse-2.0.1.tgz",
      "integrity": "sha512-8+9WqebbFzpX9OR+Wa6O29asIogeRMzcGtAINdpMHHyAg10f05aSFVBbcEqGf/PXw1EjAZ+q2/bEBg3DvurK3Q==",
      "license": "Python-2.0"
    },
    "node_modules/chalk": {
      "version": "5.6.2",
      "resolved": "https://registry.npmjs.org/chalk/-/chalk-5.6.2.tgz",
      "integrity": "sha512-7NzBL0rN6fMUW+f7A6Io4h40qQlG+xGmtMxfbnH/K7TAtt8JQWVQK+6g0UXKMeVJoyV5EkkNsErQ8pVD3bLHbA==",
      "license": "MIT",
      "engines": {
        "node": "^12.17.0 || ^14.13 || >=16.0.0"
      },
      "funding": {
        "url": "https://github.com/chalk/chalk?sponsor=1"
      }
    },
    "node_modules/commander": {
      "version": "14.0.3",
      "resolved": "https://registry.npmjs.org/commander/-/commander-14.0.3.tgz",
      "integrity": "sha512-H+y0Jo/T1RZ9qPP4Eh1pkcQcLRglraJaSLoyOtHxu6AapkjWVCy2Sit1QQ4x3Dng8qDlSsZEet7g5Pq06MvTgw==",
      "license": "MIT",
      "engines": {
        "node": ">=20"
      }
    },
    "node_modules/js-yaml": {
      "version": "4.1.1",
      "resolved": "https://registry.npmjs.org/js-yaml/-/js-yaml-4.1.1.tgz",
      "integrity": "sha512-qQKT4zQxXl8lLwBtHMWwaTcGfFOZviOJet3Oy/xmGk2gZH677CJM9EvtfdSkgWcATZhj/55JZ0rmy3myCT5lsA==",
      "license": "MIT",
      "dependencies": {
        "argparse": "^2.0.1"
      },
      "bin": {
        "js-yaml": "bin/js-yaml.js"
      }
    },
    "node_modules/minisearch": {
      "version": "7.2.0",
      "resolved": "https://registry.npmjs.org/minisearch/-/minisearch-7.2.0.tgz",
      "integrity": "sha512-dqT2XBYUOZOiC5t2HRnwADjhNS2cecp9u+TJRiJ1Qp/f5qjkeT5APcGPjHw+bz89Ms8Jp+cG4AlE+QZ/QnDglg==",
      "license": "MIT"
    },
    "node_modules/nanoid": {
      "version": "5.1.6",
      "resolved": "https://registry.npmjs.org/nanoid/-/nanoid-5.1.6.tgz",
      "integrity": "sha512-c7+7RQ+dMB5dPwwCp4ee1/iV/q2P6aK1mTZcfr1BTuVlyW9hJYiMPybJCcnBlQtuSmTIWNeazm/zqNoZSSElBg==",
      "funding": [
        {
          "type": "github",
          "url": "https://github.com/sponsors/ai"
        }
      ],
      "license": "MIT",
      "bin": {
        "nanoid": "bin/nanoid.js"
      },
      "engines": {
        "node": "^18 || >=20"
      }
    },
    "node_modules/typescript": {
      "version": "5.9.3",
      "resolved": "https://registry.npmjs.org/typescript/-/typescript-5.9.3.tgz",
      "integrity": "sha512-jl1vZzPDinLr9eUt3J/t7V6FgNEw9QjvBPdysz9KfQDD41fQrC2Y4vKQdiaUpFT4bXlb1RHhLpp8wtm6M5TgSw==",
      "dev": true,
      "license": "Apache-2.0",
      "bin": {
        "tsc": "bin/tsc",
        "tsserver": "bin/tsserver"
      },
      "engines": {
        "node": ">=14.17"
      }
    }
  }
}
